{
	"name": "ptokens-assets-algorand",
	"version": "0.0.1",
	"lockfileVersion": 2,
	"requires": true,
	"packages": {
		"": {
			"name": "ptokens-assets-algorand",
			"version": "0.0.1",
			"dependencies": {
				"promievent": "^0.1.5"
			}
		},
		"../ptokens-entities": {
			"version": "0.1.0",
			"extraneous": true,
			"dependencies": {
				"promievent": "^0.1.5",
				"ptokens-node": "^0.1.0"
			}
		},
		"node_modules/promievent": {
			"version": "0.1.5",
			"resolved": "https://registry.npmjs.org/promievent/-/promievent-0.1.5.tgz",
			"integrity": "sha512-Yqve4y2sFIz5hHmVpoZWXNayROyAyf3KWeEHZPh60yYiVpmHMKuJt6UoLbs6pC8uEMdFkqukz97mQXaAkHDPAw=="
		}
	},
	"dependencies": {
		"promievent": {
			"version": "0.1.5",
			"resolved": "https://registry.npmjs.org/promievent/-/promievent-0.1.5.tgz",
			"integrity": "sha512-Yqve4y2sFIz5hHmVpoZWXNayROyAyf3KWeEHZPh60yYiVpmHMKuJt6UoLbs6pC8uEMdFkqukz97mQXaAkHDPAw=="
		}
	}
}
