{
  "name": "ptokens-swap",
  "version": "0.0.1",
  "lockfileVersion": 2,
  "requires": true,
  "packages": {
    "": {
      "name": "ptokens-swap",
      "version": "0.0.1",
      "dependencies": {
        "ptokens-entities": "../ptokens-entities/"
      }
    },
    "../ptokens-entities": {
      "version": "0.0.1"
    },
    "node_modules/ptokens-entities": {
      "resolved": "../ptokens-entities",
      "link": true
    }
  },
  "dependencies": {
    "ptokens-entities": {
      "version": "file:../ptokens-entities"
    }
  }
}
