{
  "name": "ptokens-swap",
  "version": "1.0.5",
  "lockfileVersion": 2,
  "requires": true,
  "packages": {
    "": {
      "name": "ptokens-swap",
      "version": "1.0.5",
      "dependencies": {
        "@babel/runtime": "^7.20.1",
        "bignumber.js": "9.1.0",
        "light-async-polling": "^1.0.2",
        "promievent": "^0.1.5"
      }
    },
    "../ptokens-assets-evm": {
      "version": "1.0.3",
      "extraneous": true,
      "dependencies": {
        "@babel/runtime": "^7.20.1",
        "bignumber.js": "^9.1.0",
        "light-async-polling": "^1.0.2",
        "promievent": "^0.1.5",
        "web3": "^1.8.0"
      }
    },
    "../ptokens-assets-utxo": {
      "version": "1.0.3",
      "extraneous": true,
      "dependencies": {
        "@babel/runtime": "^7.20.1",
        "axios": "^0.21.1",
        "bignumber.js": "^9.1.0",
        "light-async-polling": "^1.0.2",
        "promievent": "^0.1.5"
      }
    },
    "../ptokens-constants": {
      "version": "1.0.1",
      "extraneous": true
    },
    "../ptokens-entities": {
      "version": "1.0.3",
      "extraneous": true,
      "dependencies": {
        "@babel/runtime": "^7.20.1",
        "bignumber.js": "^9.1.0",
        "promievent": "^0.1.5"
      }
    },
    "../ptokens-helpers": {
      "version": "1.0.2",
      "extraneous": true,
      "dependencies": {
        "@babel/runtime": "^7.20.1",
        "cross-fetch": "^3.1.5",
        "multicoin-address-validator": "^0.5.11"
      }
    },
    "../ptokens-node": {
      "version": "1.0.3",
      "extraneous": true,
      "dependencies": {
        "@babel/runtime": "^7.20.1",
        "jsonrpc-lite": "^2.2.0"
      }
    },
    "node_modules/@babel/runtime": {
      "version": "7.20.1",
      "resolved": "https://registry.npmjs.org/@babel/runtime/-/runtime-7.20.1.tgz",
      "integrity": "sha512-mrzLkl6U9YLF8qpqI7TB82PESyEGjm/0Ly91jG575eVxMMlb8fYfOXFZIJ8XfLrJZQbm7dlKry2bJmXBUEkdFg==",
      "dependencies": {
        "regenerator-runtime": "^0.13.10"
      },
      "engines": {
        "node": ">=6.9.0"
      }
    },
    "node_modules/bignumber.js": {
      "version": "9.1.0",
      "license": "MIT",
      "engines": {
        "node": "*"
      }
    },
    "node_modules/light-async-polling": {
      "version": "1.0.2",
      "license": "ISC"
    },
    "node_modules/promievent": {
      "version": "0.1.5",
      "license": "MIT"
    },
    "node_modules/regenerator-runtime": {
      "version": "0.13.11",
      "resolved": "https://registry.npmjs.org/regenerator-runtime/-/regenerator-runtime-0.13.11.tgz",
      "integrity": "sha512-kY1AZVr2Ra+t+piVaJ4gxaFaReZVH40AKNo7UCX6W+dEwBo/2oZJzqfuN1qLq1oL45o56cPaTXELwrTh8Fpggg=="
    }
  },
  "dependencies": {
    "@babel/runtime": {
      "version": "7.20.1",
      "resolved": "https://registry.npmjs.org/@babel/runtime/-/runtime-7.20.1.tgz",
      "integrity": "sha512-mrzLkl6U9YLF8qpqI7TB82PESyEGjm/0Ly91jG575eVxMMlb8fYfOXFZIJ8XfLrJZQbm7dlKry2bJmXBUEkdFg==",
      "requires": {
        "regenerator-runtime": "^0.13.10"
      }
    },
    "bignumber.js": {
      "version": "9.1.0"
    },
    "light-async-polling": {
      "version": "1.0.2"
    },
    "promievent": {
      "version": "0.1.5"
    },
    "regenerator-runtime": {
      "version": "0.13.11",
      "resolved": "https://registry.npmjs.org/regenerator-runtime/-/regenerator-runtime-0.13.11.tgz",
      "integrity": "sha512-kY1AZVr2Ra+t+piVaJ4gxaFaReZVH40AKNo7UCX6W+dEwBo/2oZJzqfuN1qLq1oL45o56cPaTXELwrTh8Fpggg=="
    }
  }
}
