{
  "name": "ptokens-node",
  "version": "0.0.1",
  "lockfileVersion": 2,
  "requires": true,
  "packages": {
    "": {
      "name": "ptokens-node",
      "version": "0.0.1",
      "dependencies": {
        "jsonrpc-lite": "^2.2.0",
        "ptokens-helpers": "file:../ptokens-helpers"
      }
    },
    "../ptokens-helpers": {
      "version": "0.0.1",
      "dependencies": {
        "node-fetch": "^2.6.7"
      },
      "devDependencies": {
        "@types/jest": "^27.4.1",
        "@types/node-fetch": "^2.6.1",
        "ts-jest": "^27.1.4"
      }
    },
    "node_modules/jsonrpc-lite": {
      "version": "2.2.0",
      "resolved": "https://registry.npmjs.org/jsonrpc-lite/-/jsonrpc-lite-2.2.0.tgz",
      "integrity": "sha512-/cbbSxtZWs1O7R4tWqabrCM/t3N8qKUZMAg9IUqpPvUs6UyRvm6pCNYkskyKN/XU0UgffW+NY2ZRr8t0AknX7g=="
    },
    "node_modules/ptokens-helpers": {
      "resolved": "../ptokens-helpers",
      "link": true
    }
  },
  "dependencies": {
    "jsonrpc-lite": {
      "version": "2.2.0",
      "resolved": "https://registry.npmjs.org/jsonrpc-lite/-/jsonrpc-lite-2.2.0.tgz",
      "integrity": "sha512-/cbbSxtZWs1O7R4tWqabrCM/t3N8qKUZMAg9IUqpPvUs6UyRvm6pCNYkskyKN/XU0UgffW+NY2ZRr8t0AknX7g=="
    },
    "ptokens-helpers": {
      "version": "file:../ptokens-helpers",
      "requires": {
        "@types/jest": "^27.4.1",
        "@types/node-fetch": "^2.6.1",
        "node-fetch": "^2.6.7",
        "ts-jest": "^27.1.4"
      }
    }
  }
}
