{
  "name": "ptokens-entities",
  "version": "1.0.3",
  "lockfileVersion": 2,
  "requires": true,
  "packages": {
    "": {
      "name": "ptokens-entities",
      "version": "1.0.3",
      "dependencies": {
        "bignumber.js": "^9.1.0",
        "promievent": "^0.1.5"
      }
    },
    "node_modules/bignumber.js": {
      "version": "9.1.0",
      "resolved": "https://registry.npmjs.org/bignumber.js/-/bignumber.js-9.1.0.tgz",
      "integrity": "sha512-4LwHK4nfDOraBCtst+wOWIHbu1vhvAPJK8g8nROd4iuc3PSEjWif/qwbkh8jwCJz6yDBvtU4KPynETgrfh7y3A==",
      "engines": {
        "node": "*"
      }
    },
    "node_modules/promievent": {
      "version": "0.1.5",
      "resolved": "https://registry.npmjs.org/promievent/-/promievent-0.1.5.tgz",
      "integrity": "sha512-Yqve4y2sFIz5hHmVpoZWXNayROyAyf3KWeEHZPh60yYiVpmHMKuJt6UoLbs6pC8uEMdFkqukz97mQXaAkHDPAw=="
    }
  },
  "dependencies": {
    "bignumber.js": {
      "version": "9.1.0",
      "resolved": "https://registry.npmjs.org/bignumber.js/-/bignumber.js-9.1.0.tgz",
      "integrity": "sha512-4LwHK4nfDOraBCtst+wOWIHbu1vhvAPJK8g8nROd4iuc3PSEjWif/qwbkh8jwCJz6yDBvtU4KPynETgrfh7y3A=="
    },
    "promievent": {
      "version": "0.1.5",
      "resolved": "https://registry.npmjs.org/promievent/-/promievent-0.1.5.tgz",
      "integrity": "sha512-Yqve4y2sFIz5hHmVpoZWXNayROyAyf3KWeEHZPh60yYiVpmHMKuJt6UoLbs6pC8uEMdFkqukz97mQXaAkHDPAw=="
    }
  }
}
